{
  "name": "openui-bridge",
  "version": "0.1.0",
  "lockfileVersion": 3,
  "requires": true,
  "packages": {
    "": {
      "name": "openui-bridge",
      "version": "0.1.0",
      "dependencies": {
        "@openuidev/lang-core": "0.2.9",
        "zod": "^4.4.3"
      }
    },
    "node_modules/@openuidev/lang-core": {
      "version": "0.2.9",
      "resolved": "https://registry.npmjs.org/@openuidev/lang-core/-/lang-core-0.2.9.tgz",
      "integrity": "sha512-LRSzjCUTuNAAUNlO5xbKDJYoe1PGoPXVosK1QTexBOD9mzOHk2Da5/BuXEqHBVdRoH+y4upfm3y9CTb2Z/Q4fg==",
      "license": "MIT",
      "peerDependencies": {
        "@modelcontextprotocol/sdk": ">=1.0.0",
        "zod": "^3.25.0 || ^4.0.0"
      },
      "peerDependenciesMeta": {
        "@modelcontextprotocol/sdk": {
          "optional": true
        }
      }
    },
    "node_modules/zod": {
      "version": "4.4.3",
      "resolved": "https://registry.npmjs.org/zod/-/zod-4.4.3.tgz",
      "integrity": "sha512-ytENFjIJFl2UwYglde2jchW2Hwm4GJFLDiSXWdTrJQBIN9Fcyp7n4DhxJEiWNAJMV1/BqWfW/kkg71UDcHJyTQ==",
      "license": "MIT",
      "funding": {
        "url": "https://github.com/sponsors/colinhacks"
      }
    }
  }
}
